// !$*UTF8*$!
{
	archiveVersion = 1;
	classes = {
	};
	objectVersion = 56;
	objects = {

/* Begin PBXBuildFile section */
		30095ED82D7E332800A2DB10 /* OnboardingStepThirdView.swift in Sources */ = {isa = PBXBuildFile; fileRef = 30095ED72D7E331D00A2DB10 /* OnboardingStepThirdView.swift */; };
		30095EE12D7E33FC00A2DB10 /* OnboardingStepFourthView.swift in Sources */ = {isa = PBXBuildFile; fileRef = 30095EE02D7E33F800A2DB10 /* OnboardingStepFourthView.swift */; };
		30095EE32D7E340900A2DB10 /* OnboardingStepFifthView.swift in Sources */ = {isa = PBXBuildFile; fileRef = 30095EE22D7E340400A2DB10 /* OnboardingStepFifthView.swift */; };
		30095EE62D7E341B00A2DB10 /* OnboardingStepSixthView.swift in Sources */ = {isa = PBXBuildFile; fileRef = 30095EE52D7E341700A2DB10 /* OnboardingStepSixthView.swift */; };
		30095EE92D7E343B00A2DB10 /* OnboardingStepSixthViewModel.swift in Sources */ = {isa = PBXBuildFile; fileRef = 30095EE82D7E343400A2DB10 /* OnboardingStepSixthViewModel.swift */; };
		30095EEC2D7E34CA00A2DB10 /* OnboardingStepFifthViewModel.swift in Sources */ = {isa = PBXBuildFile; fileRef = 30095EEB2D7E34C000A2DB10 /* OnboardingStepFifthViewModel.swift */; };
		30095EEF2D7E380A00A2DB10 /* OnboardingStepFourthViewModel.swift in Sources */ = {isa = PBXBuildFile; fileRef = 30095EEE2D7E380200A2DB10 /* OnboardingStepFourthViewModel.swift */; };
		30095EF22D7E390F00A2DB10 /* OnboardingStepOneViewModel.swift in Sources */ = {isa = PBXBuildFile; fileRef = 30095EF12D7E390A00A2DB10 /* OnboardingStepOneViewModel.swift */; };
		30095EF52D7E3A2400A2DB10 /* OnboardingStepThirdViewModel.swift in Sources */ = {isa = PBXBuildFile; fileRef = 30095EF42D7E3A1E00A2DB10 /* OnboardingStepThirdViewModel.swift */; };
		30095EF82D7E3A8300A2DB10 /* CheckmarkText.swift in Sources */ = {isa = PBXBuildFile; fileRef = 30095EF72D7E3A7A00A2DB10 /* CheckmarkText.swift */; };
		30095EFA2D7E3C8D00A2DB10 /* OnboardingCoordinator.swift in Sources */ = {isa = PBXBuildFile; fileRef = 30095EF92D7E3C8A00A2DB10 /* OnboardingCoordinator.swift */; };
		30095EFD2D7E3D9400A2DB10 /* OnboardingStepTwoViewModel.swift in Sources */ = {isa = PBXBuildFile; fileRef = 30095EFC2D7E3D8F00A2DB10 /* OnboardingStepTwoViewModel.swift */; };
		30095EFF2D7E402500A2DB10 /* OnboardingView.swift in Sources */ = {isa = PBXBuildFile; fileRef = 30095EFE2D7E402400A2DB10 /* OnboardingView.swift */; };
		30095F032D7E448C00A2DB10 /* LoginViewModel.swift in Sources */ = {isa = PBXBuildFile; fileRef = 30095F022D7E448A00A2DB10 /* LoginViewModel.swift */; };
		30095F072D7E44BE00A2DB10 /* LoginView.swift in Sources */ = {isa = PBXBuildFile; fileRef = 30095F062D7E44BB00A2DB10 /* LoginView.swift */; };
		30095F0A2D7E469900A2DB10 /* TabView.swift in Sources */ = {isa = PBXBuildFile; fileRef = 30095F092D7E469100A2DB10 /* TabView.swift */; };
		30095F0F2D7E472900A2DB10 /* AppEntryCoordinator.swift in Sources */ = {isa = PBXBuildFile; fileRef = 30095F0E2D7E472600A2DB10 /* AppEntryCoordinator.swift */; };
		30095F122D7E485000A2DB10 /* AuthManager.swift in Sources */ = {isa = PBXBuildFile; fileRef = 30095F112D7E484E00A2DB10 /* AuthManager.swift */; };
		30095F162D7E48AA00A2DB10 /* OnboardingHeader.swift in Sources */ = {isa = PBXBuildFile; fileRef = 30095F152D7E48A700A2DB10 /* OnboardingHeader.swift */; };
		30095F182D7E4AC200A2DB10 /* PlanFeature.swift in Sources */ = {isa = PBXBuildFile; fileRef = 30095F172D7E4ABF00A2DB10 /* PlanFeature.swift */; };
		30095F1A2D7E4AD700A2DB10 /* PlanAttributes.swift in Sources */ = {isa = PBXBuildFile; fileRef = 30095F192D7E4AD200A2DB10 /* PlanAttributes.swift */; };
		30095F1C2D7E4AEC00A2DB10 /* PlanType.swift in Sources */ = {isa = PBXBuildFile; fileRef = 30095F1B2D7E4AEA00A2DB10 /* PlanType.swift */; };
		EC77C4752D68BC1200890FA4 /* movyApp.swift in Sources */ = {isa = PBXBuildFile; fileRef = EC77C4742D68BC1200890FA4 /* movyApp.swift */; };
		EC77C4792D68BC1400890FA4 /* Assets.xcassets in Resources */ = {isa = PBXBuildFile; fileRef = EC77C4782D68BC1400890FA4 /* Assets.xcassets */; };
		EC77C47C2D68BC1400890FA4 /* Preview Assets.xcassets in Resources */ = {isa = PBXBuildFile; fileRef = EC77C47B2D68BC1400890FA4 /* Preview Assets.xcassets */; };
		EC77C4832D68BC4D00890FA4 /* OnboardingStepOneView.swift in Sources */ = {isa = PBXBuildFile; fileRef = EC77C4822D68BC4D00890FA4 /* OnboardingStepOneView.swift */; };
		EC77C4852D68C9D400890FA4 /* OnboardingStepTwoView.swift in Sources */ = {isa = PBXBuildFile; fileRef = EC77C4842D68C9D400890FA4 /* OnboardingStepTwoView.swift */; };
		EC77C4872D68E57600890FA4 /* PlanComponentView.swift in Sources */ = {isa = PBXBuildFile; fileRef = EC77C4862D68E57600890FA4 /* PlanComponentView.swift */; };
		EC77C4892D68E91300890FA4 /* TriangleShape.swift in Sources */ = {isa = PBXBuildFile; fileRef = EC77C4882D68E91300890FA4 /* TriangleShape.swift */; };
		EC77C48D2D6E462800890FA4 /* PlanPriceView.swift in Sources */ = {isa = PBXBuildFile; fileRef = EC77C48C2D6E462800890FA4 /* PlanPriceView.swift */; };
		EC77C48F2D6E478C00890FA4 /* PlanOption.swift in Sources */ = {isa = PBXBuildFile; fileRef = EC77C48E2D6E478C00890FA4 /* PlanOption.swift */; };
		EC77C4922D6F91D700890FA4 /* TermsTextView.swift in Sources */ = {isa = PBXBuildFile; fileRef = EC77C4912D6F91D700890FA4 /* TermsTextView.swift */; };
		EC77C4952D7129CE00890FA4 /* StringConstants.swift in Sources */ = {isa = PBXBuildFile; fileRef = EC77C4942D7129CE00890FA4 /* StringConstants.swift */; };
		EC77C4982D71389300890FA4 /* RoundedButtonComp.swift in Sources */ = {isa = PBXBuildFile; fileRef = EC77C4972D71389300890FA4 /* RoundedButtonComp.swift */; };
		EC77C49B2D713B4100890FA4 /* ColorExtension.swift in Sources */ = {isa = PBXBuildFile; fileRef = EC77C49A2D713B4100890FA4 /* ColorExtension.swift */; };
		EC77C49D2D8F414300890FA4 /* RoundedTextField.swift in Sources */ = {isa = PBXBuildFile; fileRef = EC77C49C2D8F414300890FA4 /* RoundedTextField.swift */; };
		EC77C4A22D91E2F500890FA4 /* SignupView.swift in Sources */ = {isa = PBXBuildFile; fileRef = EC77C4A12D91E2F500890FA4 /* SignupView.swift */; };
		EC77C4A52D91E31600890FA4 /* SignupViewModel.swift in Sources */ = {isa = PBXBuildFile; fileRef = EC77C4A42D91E31600890FA4 /* SignupViewModel.swift */; };
		EC77C4A72D93196C00890FA4 /* ValidationUtils.swift in Sources */ = {isa = PBXBuildFile; fileRef = EC77C4A62D93196C00890FA4 /* ValidationUtils.swift */; };
		EC77C4AB2D94710D00890FA4 /* TabsCoordinator.swift in Sources */ = {isa = PBXBuildFile; fileRef = EC77C4AA2D94710D00890FA4 /* TabsCoordinator.swift */; };
		EC77C4AD2D94783700890FA4 /* HomeView.swift in Sources */ = {isa = PBXBuildFile; fileRef = EC77C4AC2D94783700890FA4 /* HomeView.swift */; };
		EC77C4B12D947E2100890FA4 /* SearchView.swift in Sources */ = {isa = PBXBuildFile; fileRef = EC77C4B02D947E2100890FA4 /* SearchView.swift */; };
		EC77C4B52D94811E00890FA4 /* ListView.swift in Sources */ = {isa = PBXBuildFile; fileRef = EC77C4B42D94811E00890FA4 /* ListView.swift */; };
		EC77C4B92D94841A00890FA4 /* IconTextView.swift in Sources */ = {isa = PBXBuildFile; fileRef = EC77C4B82D94841A00890FA4 /* IconTextView.swift */; };
		EC77C4BB2D94D4B300890FA4 /* ProfileView.swift in Sources */ = {isa = PBXBuildFile; fileRef = EC77C4BA2D94D4B200890FA4 /* ProfileView.swift */; };
		EC77C4C72D95D79700890FA4 /* InfoScreenView.swift in Sources */ = {isa = PBXBuildFile; fileRef = EC77C4C62D95D79700890FA4 /* InfoScreenView.swift */; };
		EC77C4CA2D95D7B400890FA4 /* InfoViewModel.swift in Sources */ = {isa = PBXBuildFile; fileRef = EC77C4C92D95D7B400890FA4 /* InfoViewModel.swift */; };
		EC77C4DA2D99C31C00890FA4 /* HomeViewModel.swift in Sources */ = {isa = PBXBuildFile; fileRef = EC77C4D92D99C31C00890FA4 /* HomeViewModel.swift */; };
		EC77C4DC2D99C39F00890FA4 /* ListViewModel.swift in Sources */ = {isa = PBXBuildFile; fileRef = EC77C4DB2D99C39F00890FA4 /* ListViewModel.swift */; };
		EC77C4DE2D99C3C900890FA4 /* ProfileViewModel.swift in Sources */ = {isa = PBXBuildFile; fileRef = EC77C4DD2D99C3C900890FA4 /* ProfileViewModel.swift */; };
		EC77C4E02D99C3F800890FA4 /* SearchViewModel.swift in Sources */ = {isa = PBXBuildFile; fileRef = EC77C4DF2D99C3F800890FA4 /* SearchViewModel.swift */; };
		EC77C4E22D99CB6C00890FA4 /* Movie.swift in Sources */ = {isa = PBXBuildFile; fileRef = EC77C4E12D99CB6B00890FA4 /* Movie.swift */; };
		EC77C4E42D9B1BB100890FA4 /* MovieSection.swift in Sources */ = {isa = PBXBuildFile; fileRef = EC77C4E32D9B1BB100890FA4 /* MovieSection.swift */; };
		EC77C4E62D9B1BF500890FA4 /* MovieCard.swift in Sources */ = {isa = PBXBuildFile; fileRef = EC77C4E52D9B1BF500890FA4 /* MovieCard.swift */; };
/* End PBXBuildFile section */

/* Begin PBXFileReference section */
		30095ED72D7E331D00A2DB10 /* OnboardingStepThirdView.swift */ = {isa = PBXFileReference; lastKnownFileType = sourcecode.swift; path = OnboardingStepThirdView.swift; sourceTree = "<group>"; };
		30095EE02D7E33F800A2DB10 /* OnboardingStepFourthView.swift */ = {isa = PBXFileReference; lastKnownFileType = sourcecode.swift; path = OnboardingStepFourthView.swift; sourceTree = "<group>"; };
		30095EE22D7E340400A2DB10 /* OnboardingStepFifthView.swift */ = {isa = PBXFileReference; lastKnownFileType = sourcecode.swift; path = OnboardingStepFifthView.swift; sourceTree = "<group>"; };
		30095EE52D7E341700A2DB10 /* OnboardingStepSixthView.swift */ = {isa = PBXFileReference; lastKnownFileType = sourcecode.swift; path = OnboardingStepSixthView.swift; sourceTree = "<group>"; };
		30095EE82D7E343400A2DB10 /* OnboardingStepSixthViewModel.swift */ = {isa = PBXFileReference; lastKnownFileType = sourcecode.swift; path = OnboardingStepSixthViewModel.swift; sourceTree = "<group>"; };
		30095EEB2D7E34C000A2DB10 /* OnboardingStepFifthViewModel.swift */ = {isa = PBXFileReference; lastKnownFileType = sourcecode.swift; path = OnboardingStepFifthViewModel.swift; sourceTree = "<group>"; };
		30095EEE2D7E380200A2DB10 /* OnboardingStepFourthViewModel.swift */ = {isa = PBXFileReference; lastKnownFileType = sourcecode.swift; path = OnboardingStepFourthViewModel.swift; sourceTree = "<group>"; };
		30095EF12D7E390A00A2DB10 /* OnboardingStepOneViewModel.swift */ = {isa = PBXFileReference; lastKnownFileType = sourcecode.swift; path = OnboardingStepOneViewModel.swift; sourceTree = "<group>"; };
		30095EF42D7E3A1E00A2DB10 /* OnboardingStepThirdViewModel.swift */ = {isa = PBXFileReference; lastKnownFileType = sourcecode.swift; path = OnboardingStepThirdViewModel.swift; sourceTree = "<group>"; };
		30095EF72D7E3A7A00A2DB10 /* CheckmarkText.swift */ = {isa = PBXFileReference; lastKnownFileType = sourcecode.swift; path = CheckmarkText.swift; sourceTree = "<group>"; };
		30095EF92D7E3C8A00A2DB10 /* OnboardingCoordinator.swift */ = {isa = PBXFileReference; lastKnownFileType = sourcecode.swift; path = OnboardingCoordinator.swift; sourceTree = "<group>"; };
		30095EFC2D7E3D8F00A2DB10 /* OnboardingStepTwoViewModel.swift */ = {isa = PBXFileReference; lastKnownFileType = sourcecode.swift; path = OnboardingStepTwoViewModel.swift; sourceTree = "<group>"; };
		30095EFE2D7E402400A2DB10 /* OnboardingView.swift */ = {isa = PBXFileReference; lastKnownFileType = sourcecode.swift; path = OnboardingView.swift; sourceTree = "<group>"; };
		30095F022D7E448A00A2DB10 /* LoginViewModel.swift */ = {isa = PBXFileReference; lastKnownFileType = sourcecode.swift; path = LoginViewModel.swift; sourceTree = "<group>"; };
		30095F062D7E44BB00A2DB10 /* LoginView.swift */ = {isa = PBXFileReference; lastKnownFileType = sourcecode.swift; path = LoginView.swift; sourceTree = "<group>"; };
		30095F092D7E469100A2DB10 /* TabView.swift */ = {isa = PBXFileReference; lastKnownFileType = sourcecode.swift; path = TabView.swift; sourceTree = "<group>"; };
		30095F0E2D7E472600A2DB10 /* AppEntryCoordinator.swift */ = {isa = PBXFileReference; lastKnownFileType = sourcecode.swift; path = AppEntryCoordinator.swift; sourceTree = "<group>"; };
		30095F112D7E484E00A2DB10 /* AuthManager.swift */ = {isa = PBXFileReference; lastKnownFileType = sourcecode.swift; path = AuthManager.swift; sourceTree = "<group>"; };
		30095F152D7E48A700A2DB10 /* OnboardingHeader.swift */ = {isa = PBXFileReference; lastKnownFileType = sourcecode.swift; path = OnboardingHeader.swift; sourceTree = "<group>"; };
		30095F172D7E4ABF00A2DB10 /* PlanFeature.swift */ = {isa = PBXFileReference; lastKnownFileType = sourcecode.swift; path = PlanFeature.swift; sourceTree = "<group>"; };
		30095F192D7E4AD200A2DB10 /* PlanAttributes.swift */ = {isa = PBXFileReference; lastKnownFileType = sourcecode.swift; path = PlanAttributes.swift; sourceTree = "<group>"; };
		30095F1B2D7E4AEA00A2DB10 /* PlanType.swift */ = {isa = PBXFileReference; lastKnownFileType = sourcecode.swift; path = PlanType.swift; sourceTree = "<group>"; };
		EC77C4712D68BC1200890FA4 /* movy.app */ = {isa = PBXFileReference; explicitFileType = wrapper.application; includeInIndex = 0; path = movy.app; sourceTree = BUILT_PRODUCTS_DIR; };
		EC77C4742D68BC1200890FA4 /* movyApp.swift */ = {isa = PBXFileReference; lastKnownFileType = sourcecode.swift; path = movyApp.swift; sourceTree = "<group>"; };
		EC77C4782D68BC1400890FA4 /* Assets.xcassets */ = {isa = PBXFileReference; lastKnownFileType = folder.assetcatalog; path = Assets.xcassets; sourceTree = "<group>"; };
		EC77C47B2D68BC1400890FA4 /* Preview Assets.xcassets */ = {isa = PBXFileReference; lastKnownFileType = folder.assetcatalog; path = "Preview Assets.xcassets"; sourceTree = "<group>"; };
		EC77C4822D68BC4D00890FA4 /* OnboardingStepOneView.swift */ = {isa = PBXFileReference; lastKnownFileType = sourcecode.swift; path = OnboardingStepOneView.swift; sourceTree = "<group>"; };
		EC77C4842D68C9D400890FA4 /* OnboardingStepTwoView.swift */ = {isa = PBXFileReference; lastKnownFileType = sourcecode.swift; path = OnboardingStepTwoView.swift; sourceTree = "<group>"; };
		EC77C4862D68E57600890FA4 /* PlanComponentView.swift */ = {isa = PBXFileReference; lastKnownFileType = sourcecode.swift; path = PlanComponentView.swift; sourceTree = "<group>"; };
		EC77C4882D68E91300890FA4 /* TriangleShape.swift */ = {isa = PBXFileReference; lastKnownFileType = sourcecode.swift; path = TriangleShape.swift; sourceTree = "<group>"; };
		EC77C48C2D6E462800890FA4 /* PlanPriceView.swift */ = {isa = PBXFileReference; lastKnownFileType = sourcecode.swift; path = PlanPriceView.swift; sourceTree = "<group>"; };
		EC77C48E2D6E478C00890FA4 /* PlanOption.swift */ = {isa = PBXFileReference; lastKnownFileType = sourcecode.swift; path = PlanOption.swift; sourceTree = "<group>"; };
		EC77C4912D6F91D700890FA4 /* TermsTextView.swift */ = {isa = PBXFileReference; lastKnownFileType = sourcecode.swift; path = TermsTextView.swift; sourceTree = "<group>"; };
		EC77C4942D7129CE00890FA4 /* StringConstants.swift */ = {isa = PBXFileReference; lastKnownFileType = sourcecode.swift; path = StringConstants.swift; sourceTree = "<group>"; };
		EC77C4972D71389300890FA4 /* RoundedButtonComp.swift */ = {isa = PBXFileReference; lastKnownFileType = sourcecode.swift; path = RoundedButtonComp.swift; sourceTree = "<group>"; };
		EC77C49A2D713B4100890FA4 /* ColorExtension.swift */ = {isa = PBXFileReference; lastKnownFileType = sourcecode.swift; path = ColorExtension.swift; sourceTree = "<group>"; };
		EC77C49C2D8F414300890FA4 /* RoundedTextField.swift */ = {isa = PBXFileReference; lastKnownFileType = sourcecode.swift; path = RoundedTextField.swift; sourceTree = "<group>"; };
		EC77C4A12D91E2F500890FA4 /* SignupView.swift */ = {isa = PBXFileReference; lastKnownFileType = sourcecode.swift; path = SignupView.swift; sourceTree = "<group>"; };
		EC77C4A42D91E31600890FA4 /* SignupViewModel.swift */ = {isa = PBXFileReference; lastKnownFileType = sourcecode.swift; path = SignupViewModel.swift; sourceTree = "<group>"; };
		EC77C4A62D93196C00890FA4 /* ValidationUtils.swift */ = {isa = PBXFileReference; lastKnownFileType = sourcecode.swift; path = ValidationUtils.swift; sourceTree = "<group>"; };
		EC77C4AA2D94710D00890FA4 /* TabsCoordinator.swift */ = {isa = PBXFileReference; lastKnownFileType = sourcecode.swift; path = TabsCoordinator.swift; sourceTree = "<group>"; };
		EC77C4AC2D94783700890FA4 /* HomeView.swift */ = {isa = PBXFileReference; lastKnownFileType = sourcecode.swift; path = HomeView.swift; sourceTree = "<group>"; };
		EC77C4B02D947E2100890FA4 /* SearchView.swift */ = {isa = PBXFileReference; lastKnownFileType = sourcecode.swift; path = SearchView.swift; sourceTree = "<group>"; };
		EC77C4B42D94811E00890FA4 /* ListView.swift */ = {isa = PBXFileReference; lastKnownFileType = sourcecode.swift; path = ListView.swift; sourceTree = "<group>"; };
		EC77C4B82D94841A00890FA4 /* IconTextView.swift */ = {isa = PBXFileReference; lastKnownFileType = sourcecode.swift; path = IconTextView.swift; sourceTree = "<group>"; };
		EC77C4BA2D94D4B200890FA4 /* ProfileView.swift */ = {isa = PBXFileReference; lastKnownFileType = sourcecode.swift; path = ProfileView.swift; sourceTree = "<group>"; };
		EC77C4C62D95D79700890FA4 /* InfoScreenView.swift */ = {isa = PBXFileReference; lastKnownFileType = sourcecode.swift; path = InfoScreenView.swift; sourceTree = "<group>"; };
		EC77C4C92D95D7B400890FA4 /* InfoViewModel.swift */ = {isa = PBXFileReference; lastKnownFileType = sourcecode.swift; path = InfoViewModel.swift; sourceTree = "<group>"; };
		EC77C4D92D99C31C00890FA4 /* HomeViewModel.swift */ = {isa = PBXFileReference; lastKnownFileType = sourcecode.swift; path = HomeViewModel.swift; sourceTree = "<group>"; };
		EC77C4DB2D99C39F00890FA4 /* ListViewModel.swift */ = {isa = PBXFileReference; lastKnownFileType = sourcecode.swift; path = ListViewModel.swift; sourceTree = "<group>"; };
		EC77C4DD2D99C3C900890FA4 /* ProfileViewModel.swift */ = {isa = PBXFileReference; lastKnownFileType = sourcecode.swift; path = ProfileViewModel.swift; sourceTree = "<group>"; };
		EC77C4DF2D99C3F800890FA4 /* SearchViewModel.swift */ = {isa = PBXFileReference; lastKnownFileType = sourcecode.swift; path = SearchViewModel.swift; sourceTree = "<group>"; };
		EC77C4E12D99CB6B00890FA4 /* Movie.swift */ = {isa = PBXFileReference; lastKnownFileType = sourcecode.swift; path = Movie.swift; sourceTree = "<group>"; };
		EC77C4E32D9B1BB100890FA4 /* MovieSection.swift */ = {isa = PBXFileReference; lastKnownFileType = sourcecode.swift; path = MovieSection.swift; sourceTree = "<group>"; };
		EC77C4E52D9B1BF500890FA4 /* MovieCard.swift */ = {isa = PBXFileReference; lastKnownFileType = sourcecode.swift; path = MovieCard.swift; sourceTree = "<group>"; };
/* End PBXFileReference section */

/* Begin PBXFrameworksBuildPhase section */
		EC77C46E2D68BC1200890FA4 /* Frameworks */ = {
			isa = PBXFrameworksBuildPhase;
			buildActionMask = 2147483647;
			files = (
			);
			runOnlyForDeploymentPostprocessing = 0;
		};
/* End PBXFrameworksBuildPhase section */

/* Begin PBXGroup section */
		30095ED22D7E2CE000A2DB10 /* Features */ = {
			isa = PBXGroup;
			children = (
				30095F082D7E467000A2DB10 /* Tab */,
				30095F002D7E447900A2DB10 /* Login */,
				30095ED32D7E2CEF00A2DB10 /* Onboarding */,
			);
			path = Features;
			sourceTree = "<group>";
		};
		30095ED32D7E2CEF00A2DB10 /* Onboarding */ = {
			isa = PBXGroup;
			children = (
				30095F142D7E489C00A2DB10 /* Views */,
				30095F132D7E489500A2DB10 /* Components */,
				30095EF92D7E3C8A00A2DB10 /* OnboardingCoordinator.swift */,
				30095EFE2D7E402400A2DB10 /* OnboardingView.swift */,
			);
			path = Onboarding;
			sourceTree = "<group>";
		};
		30095ED42D7E2FAC00A2DB10 /* Components */ = {
			isa = PBXGroup;
			children = (
				EC77C4972D71389300890FA4 /* RoundedButtonComp.swift */,
			);
			path = Components;
			sourceTree = "<group>";
		};
		30095ED52D7E2FC400A2DB10 /* Resources */ = {
			isa = PBXGroup;
			children = (
			);
			path = Resources;
			sourceTree = "<group>";
		};
		30095ED62D7E2FC800A2DB10 /* Models */ = {
			isa = PBXGroup;
			children = (
				30095F1B2D7E4AEA00A2DB10 /* PlanType.swift */,
				30095F192D7E4AD200A2DB10 /* PlanAttributes.swift */,
				30095F172D7E4ABF00A2DB10 /* PlanFeature.swift */,
				EC77C48E2D6E478C00890FA4 /* PlanOption.swift */,
				EC77C4E12D99CB6B00890FA4 /* Movie.swift */,
			);
			path = Models;
			sourceTree = "<group>";
		};
		30095EDA2D7E339C00A2DB10 /* StepOne */ = {
			isa = PBXGroup;
			children = (
				30095EF62D7E3A7500A2DB10 /* Components */,
				30095EF02D7E390500A2DB10 /* ViewModels */,
				EC77C4822D68BC4D00890FA4 /* OnboardingStepOneView.swift */,
			);
			path = StepOne;
			sourceTree = "<group>";
		};
		30095EDB2D7E33A400A2DB10 /* StepTwo */ = {
			isa = PBXGroup;
			children = (
				30095F1D2D7E568D00A2DB10 /* Components */,
				30095EFB2D7E3D8B00A2DB10 /* ViewModels */,
				EC77C4842D68C9D400890FA4 /* OnboardingStepTwoView.swift */,
			);
			path = StepTwo;
			sourceTree = "<group>";
		};
		30095EDC2D7E33CC00A2DB10 /* StepThird */ = {
			isa = PBXGroup;
			children = (
				30095EF32D7E3A1700A2DB10 /* ViewModels */,
				30095ED72D7E331D00A2DB10 /* OnboardingStepThirdView.swift */,
			);
			path = StepThird;
			sourceTree = "<group>";
		};
		30095EDD2D7E33D100A2DB10 /* StepFourth */ = {
			isa = PBXGroup;
			children = (
				30095EED2D7E37FE00A2DB10 /* ViewModels */,
				30095EE02D7E33F800A2DB10 /* OnboardingStepFourthView.swift */,
			);
			path = StepFourth;
			sourceTree = "<group>";
		};
		30095EDE2D7E33D700A2DB10 /* StepFifth */ = {
			isa = PBXGroup;
			children = (
				30095EEA2D7E34BB00A2DB10 /* ViewModels */,
				30095EE22D7E340400A2DB10 /* OnboardingStepFifthView.swift */,
			);
			path = StepFifth;
			sourceTree = "<group>";
		};
		30095EDF2D7E33EB00A2DB10 /* StepSixth */ = {
			isa = PBXGroup;
			children = (
				30095EE72D7E342C00A2DB10 /* ViewModels */,
				30095EE52D7E341700A2DB10 /* OnboardingStepSixthView.swift */,
			);
			path = StepSixth;
			sourceTree = "<group>";
		};
		30095EE72D7E342C00A2DB10 /* ViewModels */ = {
			isa = PBXGroup;
			children = (
				30095EE82D7E343400A2DB10 /* OnboardingStepSixthViewModel.swift */,
			);
			path = ViewModels;
			sourceTree = "<group>";
		};
		30095EEA2D7E34BB00A2DB10 /* ViewModels */ = {
			isa = PBXGroup;
			children = (
				30095EEB2D7E34C000A2DB10 /* OnboardingStepFifthViewModel.swift */,
			);
			path = ViewModels;
			sourceTree = "<group>";
		};
		30095EED2D7E37FE00A2DB10 /* ViewModels */ = {
			isa = PBXGroup;
			children = (
				30095EEE2D7E380200A2DB10 /* OnboardingStepFourthViewModel.swift */,
			);
			path = ViewModels;
			sourceTree = "<group>";
		};
		30095EF02D7E390500A2DB10 /* ViewModels */ = {
			isa = PBXGroup;
			children = (
				30095EF12D7E390A00A2DB10 /* OnboardingStepOneViewModel.swift */,
			);
			path = ViewModels;
			sourceTree = "<group>";
		};
		30095EF32D7E3A1700A2DB10 /* ViewModels */ = {
			isa = PBXGroup;
			children = (
				30095EF42D7E3A1E00A2DB10 /* OnboardingStepThirdViewModel.swift */,
			);
			path = ViewModels;
			sourceTree = "<group>";
		};
		30095EF62D7E3A7500A2DB10 /* Components */ = {
			isa = PBXGroup;
			children = (
				30095EF72D7E3A7A00A2DB10 /* CheckmarkText.swift */,
				EC77C49C2D8F414300890FA4 /* RoundedTextField.swift */,
			);
			path = Components;
			sourceTree = "<group>";
		};
		30095EFB2D7E3D8B00A2DB10 /* ViewModels */ = {
			isa = PBXGroup;
			children = (
				30095EFC2D7E3D8F00A2DB10 /* OnboardingStepTwoViewModel.swift */,
			);
			path = ViewModels;
			sourceTree = "<group>";
		};
		30095F002D7E447900A2DB10 /* Login */ = {
			isa = PBXGroup;
			children = (
				30095F062D7E44BB00A2DB10 /* LoginView.swift */,
				30095F012D7E448300A2DB10 /* ViewModels */,
			);
			path = Login;
			sourceTree = "<group>";
		};
		30095F012D7E448300A2DB10 /* ViewModels */ = {
			isa = PBXGroup;
			children = (
				30095F022D7E448A00A2DB10 /* LoginViewModel.swift */,
			);
			path = ViewModels;
			sourceTree = "<group>";
		};
		30095F082D7E467000A2DB10 /* Tab */ = {
			isa = PBXGroup;
			children = (
				EC77C4D82D99C27A00890FA4 /* Tabs */,
				EC77C4AA2D94710D00890FA4 /* TabsCoordinator.swift */,
				30095F092D7E469100A2DB10 /* TabView.swift */,
			);
			path = Tab;
			sourceTree = "<group>";
		};
		30095F102D7E484800A2DB10 /* Services */ = {
			isa = PBXGroup;
			children = (
				30095F112D7E484E00A2DB10 /* AuthManager.swift */,
			);
			path = Services;
			sourceTree = "<group>";
		};
		30095F132D7E489500A2DB10 /* Components */ = {
			isa = PBXGroup;
			children = (
				30095F152D7E48A700A2DB10 /* OnboardingHeader.swift */,
			);
			path = Components;
			sourceTree = "<group>";
		};
		30095F142D7E489C00A2DB10 /* Views */ = {
			isa = PBXGroup;
			children = (
				EC77C4A02D91E2CF00890FA4 /* signup */,
				30095EDF2D7E33EB00A2DB10 /* StepSixth */,
				30095EDE2D7E33D700A2DB10 /* StepFifth */,
				30095EDD2D7E33D100A2DB10 /* StepFourth */,
				30095EDC2D7E33CC00A2DB10 /* StepThird */,
				30095EDB2D7E33A400A2DB10 /* StepTwo */,
				30095EDA2D7E339C00A2DB10 /* StepOne */,
			);
			path = Views;
			sourceTree = "<group>";
		};
		30095F1D2D7E568D00A2DB10 /* Components */ = {
			isa = PBXGroup;
			children = (
				EC77C4912D6F91D700890FA4 /* TermsTextView.swift */,
				EC77C48C2D6E462800890FA4 /* PlanPriceView.swift */,
				EC77C4862D68E57600890FA4 /* PlanComponentView.swift */,
				EC77C4B82D94841A00890FA4 /* IconTextView.swift */,
			);
			path = Components;
			sourceTree = "<group>";
		};
		EC77C4682D68BC1200890FA4 = {
			isa = PBXGroup;
			children = (
				EC77C4732D68BC1200890FA4 /* movy */,
				EC77C4722D68BC1200890FA4 /* Products */,
			);
			sourceTree = "<group>";
		};
		EC77C4722D68BC1200890FA4 /* Products */ = {
			isa = PBXGroup;
			children = (
				EC77C4712D68BC1200890FA4 /* movy.app */,
			);
			name = Products;
			sourceTree = "<group>";
		};
		EC77C4732D68BC1200890FA4 /* movy */ = {
			isa = PBXGroup;
			children = (
				30095ED62D7E2FC800A2DB10 /* Models */,
				30095ED52D7E2FC400A2DB10 /* Resources */,
				30095ED42D7E2FAC00A2DB10 /* Components */,
				30095ED22D7E2CE000A2DB10 /* Features */,
				EC77C4992D713B2700890FA4 /* Utilities */,
				EC77C4932D7129B900890FA4 /* Constants */,
				30095F102D7E484800A2DB10 /* Services */,
				EC77C4742D68BC1200890FA4 /* movyApp.swift */,
				30095F0E2D7E472600A2DB10 /* AppEntryCoordinator.swift */,
				EC77C4782D68BC1400890FA4 /* Assets.xcassets */,
				EC77C47A2D68BC1400890FA4 /* Preview Content */,
			);
			path = movy;
			sourceTree = "<group>";
		};
		EC77C47A2D68BC1400890FA4 /* Preview Content */ = {
			isa = PBXGroup;
			children = (
				EC77C47B2D68BC1400890FA4 /* Preview Assets.xcassets */,
			);
			path = "Preview Content";
			sourceTree = "<group>";
		};
		EC77C4932D7129B900890FA4 /* Constants */ = {
			isa = PBXGroup;
			children = (
				EC77C4942D7129CE00890FA4 /* StringConstants.swift */,
			);
			path = Constants;
			sourceTree = "<group>";
		};
		EC77C4992D713B2700890FA4 /* Utilities */ = {
			isa = PBXGroup;
			children = (
				EC77C49A2D713B4100890FA4 /* ColorExtension.swift */,
				EC77C4882D68E91300890FA4 /* TriangleShape.swift */,
				EC77C4A62D93196C00890FA4 /* ValidationUtils.swift */,
			);
			path = Utilities;
			sourceTree = "<group>";
		};
		EC77C4A02D91E2CF00890FA4 /* signup */ = {
			isa = PBXGroup;
			children = (
				EC77C4A32D91E2FC00890FA4 /* viewModels */,
				EC77C4A12D91E2F500890FA4 /* SignupView.swift */,
			);
			path = signup;
			sourceTree = "<group>";
		};
		EC77C4A32D91E2FC00890FA4 /* viewModels */ = {
			isa = PBXGroup;
			children = (
				EC77C4A42D91E31600890FA4 /* SignupViewModel.swift */,
			);
			path = viewModels;
			sourceTree = "<group>";
		};
		EC77C4CC2D99BFBA00890FA4 /* Home */ = {
			isa = PBXGroup;
			children = (
				EC77C4CE2D99BFD200890FA4 /* ViewModels */,
				EC77C4CD2D99BFC900890FA4 /* Views */,
			);
			path = Home;
			sourceTree = "<group>";
		};
		EC77C4CD2D99BFC900890FA4 /* Views */ = {
			isa = PBXGroup;
			children = (
				EC77C4C62D95D79700890FA4 /* InfoScreenView.swift */,
				EC77C4AC2D94783700890FA4 /* HomeView.swift */,
				EC77C4E32D9B1BB100890FA4 /* MovieSection.swift */,
				EC77C4E52D9B1BF500890FA4 /* MovieCard.swift */,
			);
			path = Views;
			sourceTree = "<group>";
		};
		EC77C4CE2D99BFD200890FA4 /* ViewModels */ = {
			isa = PBXGroup;
			children = (
				EC77C4C92D95D7B400890FA4 /* InfoViewModel.swift */,
				EC77C4D92D99C31C00890FA4 /* HomeViewModel.swift */,
			);
			path = ViewModels;
			sourceTree = "<group>";
		};
		EC77C4CF2D99C00D00890FA4 /* Search */ = {
			isa = PBXGroup;
			children = (
				EC77C4D02D99C0BB00890FA4 /* ViewModels */,
				EC77C4D12D99C0CD00890FA4 /* Views */,
			);
			path = Search;
			sourceTree = "<group>";
		};
		EC77C4D02D99C0BB00890FA4 /* ViewModels */ = {
			isa = PBXGroup;
			children = (
				EC77C4DF2D99C3F800890FA4 /* SearchViewModel.swift */,
			);
			path = ViewModels;
			sourceTree = "<group>";
		};
		EC77C4D12D99C0CD00890FA4 /* Views */ = {
			isa = PBXGroup;
			children = (
				EC77C4B02D947E2100890FA4 /* SearchView.swift */,
			);
			path = Views;
			sourceTree = "<group>";
		};
		EC77C4D22D99C0F100890FA4 /* Profile */ = {
			isa = PBXGroup;
			children = (
				EC77C4D42D99C10700890FA4 /* Views */,
				EC77C4D32D99C0FB00890FA4 /* ViewModels */,
			);
			path = Profile;
			sourceTree = "<group>";
		};
		EC77C4D32D99C0FB00890FA4 /* ViewModels */ = {
			isa = PBXGroup;
			children = (
				EC77C4DD2D99C3C900890FA4 /* ProfileViewModel.swift */,
			);
			path = ViewModels;
			sourceTree = "<group>";
		};
		EC77C4D42D99C10700890FA4 /* Views */ = {
			isa = PBXGroup;
			children = (
				EC77C4BA2D94D4B200890FA4 /* ProfileView.swift */,
			);
			path = Views;
			sourceTree = "<group>";
		};
		EC77C4D52D99C22400890FA4 /* List */ = {
			isa = PBXGroup;
			children = (
				EC77C4D62D99C22A00890FA4 /* ViewModels */,
				EC77C4D72D99C23300890FA4 /* Views */,
			);
			path = List;
			sourceTree = "<group>";
		};
		EC77C4D62D99C22A00890FA4 /* ViewModels */ = {
			isa = PBXGroup;
			children = (
				EC77C4DB2D99C39F00890FA4 /* ListViewModel.swift */,
			);
			path = ViewModels;
			sourceTree = "<group>";
		};
		EC77C4D72D99C23300890FA4 /* Views */ = {
			isa = PBXGroup;
			children = (
				EC77C4B42D94811E00890FA4 /* ListView.swift */,
			);
			path = Views;
			sourceTree = "<group>";
		};
		EC77C4D82D99C27A00890FA4 /* Tabs */ = {
			isa = PBXGroup;
			children = (
				EC77C4CC2D99BFBA00890FA4 /* Home */,
				EC77C4D52D99C22400890FA4 /* List */,
				EC77C4D22D99C0F100890FA4 /* Profile */,
				EC77C4CF2D99C00D00890FA4 /* Search */,
			);
			path = Tabs;
			sourceTree = "<group>";
		};
/* End PBXGroup section */

/* Begin PBXNativeTarget section */
		EC77C4702D68BC1200890FA4 /* movy */ = {
			isa = PBXNativeTarget;
			buildConfigurationList = EC77C47F2D68BC1400890FA4 /* Build configuration list for PBXNativeTarget "movy" */;
			buildPhases = (
				EC77C46D2D68BC1200890FA4 /* Sources */,
				EC77C46E2D68BC1200890FA4 /* Frameworks */,
				EC77C46F2D68BC1200890FA4 /* Resources */,
			);
			buildRules = (
			);
			dependencies = (
			);
			name = movy;
			productName = movy;
			productReference = EC77C4712D68BC1200890FA4 /* movy.app */;
			productType = "com.apple.product-type.application";
		};
/* End PBXNativeTarget section */

/* Begin PBXProject section */
		EC77C4692D68BC1200890FA4 /* Project object */ = {
			isa = PBXProject;
			attributes = {
				BuildIndependentTargetsInParallel = 1;
				LastSwiftUpdateCheck = 1540;
				LastUpgradeCheck = 1540;
				TargetAttributes = {
					EC77C4702D68BC1200890FA4 = {
						CreatedOnToolsVersion = 15.4;
					};
				};
			};
			buildConfigurationList = EC77C46C2D68BC1200890FA4 /* Build configuration list for PBXProject "movy" */;
			compatibilityVersion = "Xcode 14.0";
			developmentRegion = en;
			hasScannedForEncodings = 0;
			knownRegions = (
				en,
				Base,
			);
			mainGroup = EC77C4682D68BC1200890FA4;
			productRefGroup = EC77C4722D68BC1200890FA4 /* Products */;
			projectDirPath = "";
			projectRoot = "";
			targets = (
				EC77C4702D68BC1200890FA4 /* movy */,
			);
		};
/* End PBXProject section */

/* Begin PBXResourcesBuildPhase section */
		EC77C46F2D68BC1200890FA4 /* Resources */ = {
			isa = PBXResourcesBuildPhase;
			buildActionMask = 2147483647;
			files = (
				EC77C47C2D68BC1400890FA4 /* Preview Assets.xcassets in Resources */,
				EC77C4792D68BC1400890FA4 /* Assets.xcassets in Resources */,
			);
			runOnlyForDeploymentPostprocessing = 0;
		};
/* End PBXResourcesBuildPhase section */

/* Begin PBXSourcesBuildPhase section */
		EC77C46D2D68BC1200890FA4 /* Sources */ = {
			isa = PBXSourcesBuildPhase;
			buildActionMask = 2147483647;
			files = (
				EC77C4A22D91E2F500890FA4 /* SignupView.swift in Sources */,
				30095EFD2D7E3D9400A2DB10 /* OnboardingStepTwoViewModel.swift in Sources */,
				EC77C4E42D9B1BB100890FA4 /* MovieSection.swift in Sources */,
				EC77C49D2D8F414300890FA4 /* RoundedTextField.swift in Sources */,
				EC77C4DA2D99C31C00890FA4 /* HomeViewModel.swift in Sources */,
				EC77C4E22D99CB6C00890FA4 /* Movie.swift in Sources */,
				30095F1A2D7E4AD700A2DB10 /* PlanAttributes.swift in Sources */,
				EC77C4832D68BC4D00890FA4 /* OnboardingStepOneView.swift in Sources */,
				30095F122D7E485000A2DB10 /* AuthManager.swift in Sources */,
				EC77C4852D68C9D400890FA4 /* OnboardingStepTwoView.swift in Sources */,
				30095EE32D7E340900A2DB10 /* OnboardingStepFifthView.swift in Sources */,
				EC77C4B52D94811E00890FA4 /* ListView.swift in Sources */,
				30095EE62D7E341B00A2DB10 /* OnboardingStepSixthView.swift in Sources */,
				30095F182D7E4AC200A2DB10 /* PlanFeature.swift in Sources */,
				30095EF82D7E3A8300A2DB10 /* CheckmarkText.swift in Sources */,
				30095F162D7E48AA00A2DB10 /* OnboardingHeader.swift in Sources */,
				30095EFF2D7E402500A2DB10 /* OnboardingView.swift in Sources */,
				30095EF22D7E390F00A2DB10 /* OnboardingStepOneViewModel.swift in Sources */,
				EC77C4AB2D94710D00890FA4 /* TabsCoordinator.swift in Sources */,
				EC77C4C72D95D79700890FA4 /* InfoScreenView.swift in Sources */,
				30095ED82D7E332800A2DB10 /* OnboardingStepThirdView.swift in Sources */,
				EC77C4CA2D95D7B400890FA4 /* InfoViewModel.swift in Sources */,
				EC77C4B12D947E2100890FA4 /* SearchView.swift in Sources */,
				30095F1C2D7E4AEC00A2DB10 /* PlanType.swift in Sources */,
				EC77C4872D68E57600890FA4 /* PlanComponentView.swift in Sources */,
				30095F072D7E44BE00A2DB10 /* LoginView.swift in Sources */,
				30095EE92D7E343B00A2DB10 /* OnboardingStepSixthViewModel.swift in Sources */,
				EC77C49B2D713B4100890FA4 /* ColorExtension.swift in Sources */,
				EC77C48F2D6E478C00890FA4 /* PlanOption.swift in Sources */,
				EC77C4A72D93196C00890FA4 /* ValidationUtils.swift in Sources */,
				30095F032D7E448C00A2DB10 /* LoginViewModel.swift in Sources */,
				EC77C4B92D94841A00890FA4 /* IconTextView.swift in Sources */,
				30095F0F2D7E472900A2DB10 /* AppEntryCoordinator.swift in Sources */,
				30095EFA2D7E3C8D00A2DB10 /* OnboardingCoordinator.swift in Sources */,
				EC77C4BB2D94D4B300890FA4 /* ProfileView.swift in Sources */,
				30095EE12D7E33FC00A2DB10 /* OnboardingStepFourthView.swift in Sources */,
				30095EEC2D7E34CA00A2DB10 /* OnboardingStepFifthViewModel.swift in Sources */,
				EC77C48D2D6E462800890FA4 /* PlanPriceView.swift in Sources */,
				EC77C4E02D99C3F800890FA4 /* SearchViewModel.swift in Sources */,
				EC77C4752D68BC1200890FA4 /* movyApp.swift in Sources */,
				EC77C4DC2D99C39F00890FA4 /* ListViewModel.swift in Sources */,
				EC77C4A52D91E31600890FA4 /* SignupViewModel.swift in Sources */,
				EC77C4922D6F91D700890FA4 /* TermsTextView.swift in Sources */,
				EC77C4DE2D99C3C900890FA4 /* ProfileViewModel.swift in Sources */,
				EC77C4E62D9B1BF500890FA4 /* MovieCard.swift in Sources */,
				30095EEF2D7E380A00A2DB10 /* OnboardingStepFourthViewModel.swift in Sources */,
				EC77C4952D7129CE00890FA4 /* StringConstants.swift in Sources */,
				EC77C4982D71389300890FA4 /* RoundedButtonComp.swift in Sources */,
				EC77C4AD2D94783700890FA4 /* HomeView.swift in Sources */,
				30095EF52D7E3A2400A2DB10 /* OnboardingStepThirdViewModel.swift in Sources */,
				30095F0A2D7E469900A2DB10 /* TabView.swift in Sources */,
				EC77C4892D68E91300890FA4 /* TriangleShape.swift in Sources */,
			);
			runOnlyForDeploymentPostprocessing = 0;
		};
/* End PBXSourcesBuildPhase section */

/* Begin XCBuildConfiguration section */
		EC77C47D2D68BC1400890FA4 /* Debug */ = {
			isa = XCBuildConfiguration;
			buildSettings = {
				ALWAYS_SEARCH_USER_PATHS = NO;
				ASSETCATALOG_COMPILER_GENERATE_SWIFT_ASSET_SYMBOL_EXTENSIONS = YES;
				CLANG_ANALYZER_NONNULL = YES;
				CLANG_ANALYZER_NUMBER_OBJECT_CONVERSION = YES_AGGRESSIVE;
				CLANG_CXX_LANGUAGE_STANDARD = "gnu++20";
				CLANG_ENABLE_MODULES = YES;
				CLANG_ENABLE_OBJC_ARC = YES;
				CLANG_ENABLE_OBJC_WEAK = YES;
				CLANG_WARN_BLOCK_CAPTURE_AUTORELEASING = YES;
				CLANG_WARN_BOOL_CONVERSION = YES;
				CLANG_WARN_COMMA = YES;
				CLANG_WARN_CONSTANT_CONVERSION = YES;
				CLANG_WARN_DEPRECATED_OBJC_IMPLEMENTATIONS = YES;
				CLANG_WARN_DIRECT_OBJC_ISA_USAGE = YES_ERROR;
				CLANG_WARN_DOCUMENTATION_COMMENTS = YES;
				CLANG_WARN_EMPTY_BODY = YES;
				CLANG_WARN_ENUM_CONVERSION = YES;
				CLANG_WARN_INFINITE_RECURSION = YES;
				CLANG_WARN_INT_CONVERSION = YES;
				CLANG_WARN_NON_LITERAL_NULL_CONVERSION = YES;
				CLANG_WARN_OBJC_IMPLICIT_RETAIN_SELF = YES;
				CLANG_WARN_OBJC_LITERAL_CONVERSION = YES;
				CLANG_WARN_OBJC_ROOT_CLASS = YES_ERROR;
				CLANG_WARN_QUOTED_INCLUDE_IN_FRAMEWORK_HEADER = YES;
				CLANG_WARN_RANGE_LOOP_ANALYSIS = YES;
				CLANG_WARN_STRICT_PROTOTYPES = YES;
				CLANG_WARN_SUSPICIOUS_MOVE = YES;
				CLANG_WARN_UNGUARDED_AVAILABILITY = YES_AGGRESSIVE;
				CLANG_WARN_UNREACHABLE_CODE = YES;
				CLANG_WARN__DUPLICATE_METHOD_MATCH = YES;
				COPY_PHASE_STRIP = NO;
				DEBUG_INFORMATION_FORMAT = dwarf;
				ENABLE_STRICT_OBJC_MSGSEND = YES;
				ENABLE_TESTABILITY = YES;
				ENABLE_USER_SCRIPT_SANDBOXING = YES;
				GCC_C_LANGUAGE_STANDARD = gnu17;
				GCC_DYNAMIC_NO_PIC = NO;
				GCC_NO_COMMON_BLOCKS = YES;
				GCC_OPTIMIZATION_LEVEL = 0;
				GCC_PREPROCESSOR_DEFINITIONS = (
					"DEBUG=1",
					"$(inherited)",
				);
				GCC_WARN_64_TO_32_BIT_CONVERSION = YES;
				GCC_WARN_ABOUT_RETURN_TYPE = YES_ERROR;
				GCC_WARN_UNDECLARED_SELECTOR = YES;
				GCC_WARN_UNINITIALIZED_AUTOS = YES_AGGRESSIVE;
				GCC_WARN_UNUSED_FUNCTION = YES;
				GCC_WARN_UNUSED_VARIABLE = YES;
				IPHONEOS_DEPLOYMENT_TARGET = 17.5;
				LOCALIZATION_PREFERS_STRING_CATALOGS = YES;
				MTL_ENABLE_DEBUG_INFO = INCLUDE_SOURCE;
				MTL_FAST_MATH = YES;
				ONLY_ACTIVE_ARCH = YES;
				SDKROOT = iphoneos;
				SWIFT_ACTIVE_COMPILATION_CONDITIONS = "DEBUG $(inherited)";
				SWIFT_OPTIMIZATION_LEVEL = "-Onone";
			};
			name = Debug;
		};
		EC77C47E2D68BC1400890FA4 /* Release */ = {
			isa = XCBuildConfiguration;
			buildSettings = {
				ALWAYS_SEARCH_USER_PATHS = NO;
				ASSETCATALOG_COMPILER_GENERATE_SWIFT_ASSET_SYMBOL_EXTENSIONS = YES;
				CLANG_ANALYZER_NONNULL = YES;
				CLANG_ANALYZER_NUMBER_OBJECT_CONVERSION = YES_AGGRESSIVE;
				CLANG_CXX_LANGUAGE_STANDARD = "gnu++20";
				CLANG_ENABLE_MODULES = YES;
				CLANG_ENABLE_OBJC_ARC = YES;
				CLANG_ENABLE_OBJC_WEAK = YES;
				CLANG_WARN_BLOCK_CAPTURE_AUTORELEASING = YES;
				CLANG_WARN_BOOL_CONVERSION = YES;
				CLANG_WARN_COMMA = YES;
				CLANG_WARN_CONSTANT_CONVERSION = YES;
				CLANG_WARN_DEPRECATED_OBJC_IMPLEMENTATIONS = YES;
				CLANG_WARN_DIRECT_OBJC_ISA_USAGE = YES_ERROR;
				CLANG_WARN_DOCUMENTATION_COMMENTS = YES;
				CLANG_WARN_EMPTY_BODY = YES;
				CLANG_WARN_ENUM_CONVERSION = YES;
				CLANG_WARN_INFINITE_RECURSION = YES;
				CLANG_WARN_INT_CONVERSION = YES;
				CLANG_WARN_NON_LITERAL_NULL_CONVERSION = YES;
				CLANG_WARN_OBJC_IMPLICIT_RETAIN_SELF = YES;
				CLANG_WARN_OBJC_LITERAL_CONVERSION = YES;
				CLANG_WARN_OBJC_ROOT_CLASS = YES_ERROR;
				CLANG_WARN_QUOTED_INCLUDE_IN_FRAMEWORK_HEADER = YES;
				CLANG_WARN_RANGE_LOOP_ANALYSIS = YES;
				CLANG_WARN_STRICT_PROTOTYPES = YES;
				CLANG_WARN_SUSPICIOUS_MOVE = YES;
				CLANG_WARN_UNGUARDED_AVAILABILITY = YES_AGGRESSIVE;
				CLANG_WARN_UNREACHABLE_CODE = YES;
				CLANG_WARN__DUPLICATE_METHOD_MATCH = YES;
				COPY_PHASE_STRIP = NO;
				DEBUG_INFORMATION_FORMAT = "dwarf-with-dsym";
				ENABLE_NS_ASSERTIONS = NO;
				ENABLE_STRICT_OBJC_MSGSEND = YES;
				ENABLE_USER_SCRIPT_SANDBOXING = YES;
				GCC_C_LANGUAGE_STANDARD = gnu17;
				GCC_NO_COMMON_BLOCKS = YES;
				GCC_WARN_64_TO_32_BIT_CONVERSION = YES;
				GCC_WARN_ABOUT_RETURN_TYPE = YES_ERROR;
				GCC_WARN_UNDECLARED_SELECTOR = YES;
				GCC_WARN_UNINITIALIZED_AUTOS = YES_AGGRESSIVE;
				GCC_WARN_UNUSED_FUNCTION = YES;
				GCC_WARN_UNUSED_VARIABLE = YES;
				IPHONEOS_DEPLOYMENT_TARGET = 17.5;
				LOCALIZATION_PREFERS_STRING_CATALOGS = YES;
				MTL_ENABLE_DEBUG_INFO = NO;
				MTL_FAST_MATH = YES;
				SDKROOT = iphoneos;
				SWIFT_COMPILATION_MODE = wholemodule;
				VALIDATE_PRODUCT = YES;
			};
			name = Release;
		};
		EC77C4802D68BC1400890FA4 /* Debug */ = {
			isa = XCBuildConfiguration;
			buildSettings = {
				ASSETCATALOG_COMPILER_APPICON_NAME = AppIcon;
				ASSETCATALOG_COMPILER_GLOBAL_ACCENT_COLOR_NAME = AccentColor;
				CODE_SIGN_STYLE = Automatic;
				CURRENT_PROJECT_VERSION = 1;
				DEVELOPMENT_ASSET_PATHS = "\"movy/Preview Content\"";
				DEVELOPMENT_TEAM = Q4B4Q4U35C;
				ENABLE_PREVIEWS = YES;
				GENERATE_INFOPLIST_FILE = YES;
				INFOPLIST_KEY_UIApplicationSceneManifest_Generation = YES;
				INFOPLIST_KEY_UIApplicationSupportsIndirectInputEvents = YES;
				INFOPLIST_KEY_UILaunchScreen_Generation = YES;
				INFOPLIST_KEY_UISupportedInterfaceOrientations_iPad = "UIInterfaceOrientationPortrait UIInterfaceOrientationPortraitUpsideDown UIInterfaceOrientationLandscapeLeft UIInterfaceOrientationLandscapeRight";
				INFOPLIST_KEY_UISupportedInterfaceOrientations_iPhone = "UIInterfaceOrientationPortrait UIInterfaceOrientationLandscapeLeft UIInterfaceOrientationLandscapeRight";
				LD_RUNPATH_SEARCH_PATHS = (
					"$(inherited)",
					"@executable_path/Frameworks",
				);
				MARKETING_VERSION = 1.0;
				PRODUCT_BUNDLE_IDENTIFIER = Qubika.movy;
				PRODUCT_NAME = "$(TARGET_NAME)";
				SWIFT_EMIT_LOC_STRINGS = YES;
				SWIFT_VERSION = 5.0;
				TARGETED_DEVICE_FAMILY = "1,2";
			};
			name = Debug;
		};
		EC77C4812D68BC1400890FA4 /* Release */ = {
			isa = XCBuildConfiguration;
			buildSettings = {
				ASSETCATALOG_COMPILER_APPICON_NAME = AppIcon;
				ASSETCATALOG_COMPILER_GLOBAL_ACCENT_COLOR_NAME = AccentColor;
				CODE_SIGN_STYLE = Automatic;
				CURRENT_PROJECT_VERSION = 1;
				DEVELOPMENT_ASSET_PATHS = "\"movy/Preview Content\"";
				DEVELOPMENT_TEAM = Q4B4Q4U35C;
				ENABLE_PREVIEWS = YES;
				GENERATE_INFOPLIST_FILE = YES;
				INFOPLIST_KEY_UIApplicationSceneManifest_Generation = YES;
				INFOPLIST_KEY_UIApplicationSupportsIndirectInputEvents = YES;
				INFOPLIST_KEY_UILaunchScreen_Generation = YES;
				INFOPLIST_KEY_UISupportedInterfaceOrientations_iPad = "UIInterfaceOrientationPortrait UIInterfaceOrientationPortraitUpsideDown UIInterfaceOrientationLandscapeLeft UIInterfaceOrientationLandscapeRight";
				INFOPLIST_KEY_UISupportedInterfaceOrientations_iPhone = "UIInterfaceOrientationPortrait UIInterfaceOrientationLandscapeLeft UIInterfaceOrientationLandscapeRight";
				LD_RUNPATH_SEARCH_PATHS = (
					"$(inherited)",
					"@executable_path/Frameworks",
				);
				MARKETING_VERSION = 1.0;
				PRODUCT_BUNDLE_IDENTIFIER = Qubika.movy;
				PRODUCT_NAME = "$(TARGET_NAME)";
				SWIFT_EMIT_LOC_STRINGS = YES;
				SWIFT_VERSION = 5.0;
				TARGETED_DEVICE_FAMILY = "1,2";
			};
			name = Release;
		};
/* End XCBuildConfiguration section */

/* Begin XCConfigurationList section */
		EC77C46C2D68BC1200890FA4 /* Build configuration list for PBXProject "movy" */ = {
			isa = XCConfigurationList;
			buildConfigurations = (
				EC77C47D2D68BC1400890FA4 /* Debug */,
				EC77C47E2D68BC1400890FA4 /* Release */,
			);
			defaultConfigurationIsVisible = 0;
			defaultConfigurationName = Release;
		};
		EC77C47F2D68BC1400890FA4 /* Build configuration list for PBXNativeTarget "movy" */ = {
			isa = XCConfigurationList;
			buildConfigurations = (
				EC77C4802D68BC1400890FA4 /* Debug */,
				EC77C4812D68BC1400890FA4 /* Release */,
			);
			defaultConfigurationIsVisible = 0;
			defaultConfigurationName = Release;
		};
/* End XCConfigurationList section */
	};
	rootObject = EC77C4692D68BC1200890FA4 /* Project object */;
}
